
Microsoft Visual Studio Solution File, Format Version 12.00
# Visual Studio Version 16
VisualStudioVersion = 16.0.30204.135
MinimumVisualStudioVersion = 10.0.40219.1
Project("{9A19103F-16F7-4668-BE54-9A1E7A4F7556}") = "BlazorPWAApp", "BlazorPWAApp\BlazorPWAApp.csproj", "{FB765C25-B190-4ED0-A331-62DA247DC788}"
EndProject
Project("{2150E333-8FDC-42A3-9474-1A3956D46DE8}") = "View", "View", "{248F58C6-9F67-4E05-B7B0-E5E3C0505CBE}"
EndProject
Project("{2150E333-8FDC-42A3-9474-1A3956D46DE8}") = "Model", "Model", "{757D7236-9216-4D23-B3BF-864348766AF8}"
EndProject
Project("{2150E333-8FDC-42A3-9474-1A3956D46DE8}") = "Control", "Control", "{51B0CE20-1D73-44E2-9EE3-ED6D6524C6B4}"
EndProject
Project("{FAE04EC0-301F-11D3-BF4B-00C04F79EFBC}") = "BLL", "BLL\BLL.csproj", "{3FE4E456-3941-4B04-920B-643D5CC45CD6}"
EndProject
Project("{FAE04EC0-301F-11D3-BF4B-00C04F79EFBC}") = "DAL", "DAL\DAL.csproj", "{436AE0FF-1E8E-4884-A28A-84B93BBC571A}"
EndProject
Project("{FAE04EC0-301F-11D3-BF4B-00C04F79EFBC}") = "DTO", "DTO\DTO.csproj", "{7E748A5C-DE88-4936-BB11-B73F8BCC9107}"
EndProject
Project("{FAE04EC0-301F-11D3-BF4B-00C04F79EFBC}") = "Interface", "Interface\Interface.csproj", "{25530992-4D49-4568-B018-5AAABEBFBBE7}"
EndProject
Global
	GlobalSection(SolutionConfigurationPlatforms) = preSolution
		Debug|Any CPU = Debug|Any CPU
		Release|Any CPU = Release|Any CPU
	EndGlobalSection
	GlobalSection(ProjectConfigurationPlatforms) = postSolution
		{FB765C25-B190-4ED0-A331-62DA247DC788}.Debug|Any CPU.ActiveCfg = Debug|Any CPU
		{FB765C25-B190-4ED0-A331-62DA247DC788}.Debug|Any CPU.Build.0 = Debug|Any CPU
		{FB765C25-B190-4ED0-A331-62DA247DC788}.Release|Any CPU.ActiveCfg = Release|Any CPU
		{FB765C25-B190-4ED0-A331-62DA247DC788}.Release|Any CPU.Build.0 = Release|Any CPU
		{3FE4E456-3941-4B04-920B-643D5CC45CD6}.Debug|Any CPU.ActiveCfg = Debug|Any CPU
		{3FE4E456-3941-4B04-920B-643D5CC45CD6}.Debug|Any CPU.Build.0 = Debug|Any CPU
		{3FE4E456-3941-4B04-920B-643D5CC45CD6}.Release|Any CPU.ActiveCfg = Release|Any CPU
		{3FE4E456-3941-4B04-920B-643D5CC45CD6}.Release|Any CPU.Build.0 = Release|Any CPU
		{436AE0FF-1E8E-4884-A28A-84B93BBC571A}.Debug|Any CPU.ActiveCfg = Debug|Any CPU
		{436AE0FF-1E8E-4884-A28A-84B93BBC571A}.Debug|Any CPU.Build.0 = Debug|Any CPU
		{436AE0FF-1E8E-4884-A28A-84B93BBC571A}.Release|Any CPU.ActiveCfg = Release|Any CPU
		{436AE0FF-1E8E-4884-A28A-84B93BBC571A}.Release|Any CPU.Build.0 = Release|Any CPU
		{7E748A5C-DE88-4936-BB11-B73F8BCC9107}.Debug|Any CPU.ActiveCfg = Debug|Any CPU
		{7E748A5C-DE88-4936-BB11-B73F8BCC9107}.Debug|Any CPU.Build.0 = Debug|Any CPU
		{7E748A5C-DE88-4936-BB11-B73F8BCC9107}.Release|Any CPU.ActiveCfg = Release|Any CPU
		{7E748A5C-DE88-4936-BB11-B73F8BCC9107}.Release|Any CPU.Build.0 = Release|Any CPU
		{25530992-4D49-4568-B018-5AAABEBFBBE7}.Debug|Any CPU.ActiveCfg = Debug|Any CPU
		{25530992-4D49-4568-B018-5AAABEBFBBE7}.Debug|Any CPU.Build.0 = Debug|Any CPU
		{25530992-4D49-4568-B018-5AAABEBFBBE7}.Release|Any CPU.ActiveCfg = Release|Any CPU
		{25530992-4D49-4568-B018-5AAABEBFBBE7}.Release|Any CPU.Build.0 = Release|Any CPU
	EndGlobalSection
	GlobalSection(SolutionProperties) = preSolution
		HideSolutionNode = FALSE
	EndGlobalSection
	GlobalSection(NestedProjects) = preSolution
		{FB765C25-B190-4ED0-A331-62DA247DC788} = {248F58C6-9F67-4E05-B7B0-E5E3C0505CBE}
		{3FE4E456-3941-4B04-920B-643D5CC45CD6} = {757D7236-9216-4D23-B3BF-864348766AF8}
		{436AE0FF-1E8E-4884-A28A-84B93BBC571A} = {757D7236-9216-4D23-B3BF-864348766AF8}
		{7E748A5C-DE88-4936-BB11-B73F8BCC9107} = {757D7236-9216-4D23-B3BF-864348766AF8}
		{25530992-4D49-4568-B018-5AAABEBFBBE7} = {757D7236-9216-4D23-B3BF-864348766AF8}
	EndGlobalSection
	GlobalSection(ExtensibilityGlobals) = postSolution
		SolutionGuid = {20B8D98C-9FF7-47CF-B7E9-2AFC47B0885F}
	EndGlobalSection
EndGlobal
